
Microsoft Visual Studio Solution File, Format Version 12.00
# Visual Studio Version 17
VisualStudioVersion = 17.11.35431.28
MinimumVisualStudioVersion = 10.0.40219.1
Project("{FAE04EC0-301F-11D3-BF4B-00C04F79EFBC}") = "pr16_II_n19", "pr16_II_n19.csproj", "{EF9E03F0-F551-4435-B7E7-8D65E41FDE61}"
EndProject
Global
	GlobalSection(SolutionConfigurationPlatforms) = preSolution
		Debug|Any CPU = Debug|Any CPU
		Release|Any CPU = Release|Any CPU
	EndGlobalSection
	GlobalSection(ProjectConfigurationPlatforms) = postSolution
		{EF9E03F0-F551-4435-B7E7-8D65E41FDE61}.Debug|Any CPU.ActiveCfg = Debug|Any CPU
		{EF9E03F0-F551-4435-B7E7-8D65E41FDE61}.Debug|Any CPU.Build.0 = Debug|Any CPU
		{EF9E03F0-F551-4435-B7E7-8D65E41FDE61}.Release|Any CPU.ActiveCfg = Release|Any CPU
		{EF9E03F0-F551-4435-B7E7-8D65E41FDE61}.Release|Any CPU.Build.0 = Release|Any CPU
	EndGlobalSection
	GlobalSection(SolutionProperties) = preSolution
		HideSolutionNode = FALSE
	EndGlobalSection
	GlobalSection(ExtensibilityGlobals) = postSolution
		SolutionGuid = {B4C94DAB-1062-404F-AFF8-7EFFD740D5DA}
	EndGlobalSection
EndGlobal
