
Microsoft Visual Studio Solution File, Format Version 12.00
# Visual Studio Version 17
VisualStudioVersion = 17.11.35222.181
MinimumVisualStudioVersion = 10.0.40219.1
Project("{FAE04EC0-301F-11D3-BF4B-00C04F79EFBC}") = "pr9_II_n18", "pr9_II_n18.csproj", "{C6F9F1A5-983D-4E2A-8A7A-769213A4761E}"
EndProject
Global
	GlobalSection(SolutionConfigurationPlatforms) = preSolution
		Debug|Any CPU = Debug|Any CPU
		Release|Any CPU = Release|Any CPU
	EndGlobalSection
	GlobalSection(ProjectConfigurationPlatforms) = postSolution
		{C6F9F1A5-983D-4E2A-8A7A-769213A4761E}.Debug|Any CPU.ActiveCfg = Debug|Any CPU
		{C6F9F1A5-983D-4E2A-8A7A-769213A4761E}.Debug|Any CPU.Build.0 = Debug|Any CPU
		{C6F9F1A5-983D-4E2A-8A7A-769213A4761E}.Release|Any CPU.ActiveCfg = Release|Any CPU
		{C6F9F1A5-983D-4E2A-8A7A-769213A4761E}.Release|Any CPU.Build.0 = Release|Any CPU
	EndGlobalSection
	GlobalSection(SolutionProperties) = preSolution
		HideSolutionNode = FALSE
	EndGlobalSection
	GlobalSection(ExtensibilityGlobals) = postSolution
		SolutionGuid = {0D82473B-12EF-4693-92C2-2CAF33DEEE6C}
	EndGlobalSection
EndGlobal
