
Microsoft Visual Studio Solution File, Format Version 12.00
# Visual Studio Version 17
VisualStudioVersion = 17.11.35222.181
MinimumVisualStudioVersion = 10.0.40219.1
Project("{FAE04EC0-301F-11D3-BF4B-00C04F79EFBC}") = "pr5_IV_n4", "pr5_IV_n4.csproj", "{1763C50B-9923-438B-BD17-81A4CE09D812}"
EndProject
Global
	GlobalSection(SolutionConfigurationPlatforms) = preSolution
		Debug|Any CPU = Debug|Any CPU
		Release|Any CPU = Release|Any CPU
	EndGlobalSection
	GlobalSection(ProjectConfigurationPlatforms) = postSolution
		{1763C50B-9923-438B-BD17-81A4CE09D812}.Debug|Any CPU.ActiveCfg = Debug|Any CPU
		{1763C50B-9923-438B-BD17-81A4CE09D812}.Debug|Any CPU.Build.0 = Debug|Any CPU
		{1763C50B-9923-438B-BD17-81A4CE09D812}.Release|Any CPU.ActiveCfg = Release|Any CPU
		{1763C50B-9923-438B-BD17-81A4CE09D812}.Release|Any CPU.Build.0 = Release|Any CPU
	EndGlobalSection
	GlobalSection(SolutionProperties) = preSolution
		HideSolutionNode = FALSE
	EndGlobalSection
	GlobalSection(ExtensibilityGlobals) = postSolution
		SolutionGuid = {943B45FA-4BBD-450B-8492-543DE4CE99AD}
	EndGlobalSection
EndGlobal
